
Microsoft Visual Studio Solution File, Format Version 12.00
Project("{FAE04EC0-301F-11D3-BF4B-00C04F79EFBC}") = "Scheduling.Domain", "Scheduling.Domain\Scheduling.Domain.csproj", "{5CF9F777-48AB-4B1E-BDC5-BAB931234670}"
EndProject
Project("{FAE04EC0-301F-11D3-BF4B-00C04F79EFBC}") = "Scheduling.Application", "Scheduling.Application\Scheduling.Application.csproj", "{B4BEBFF1-91EE-4B3B-9011-E2A58282EE17}"
EndProject
Global
	GlobalSection(SolutionConfigurationPlatforms) = preSolution
		Debug|Any CPU = Debug|Any CPU
		Release|Any CPU = Release|Any CPU
	EndGlobalSection
	GlobalSection(ProjectConfigurationPlatforms) = postSolution
		{5CF9F777-48AB-4B1E-BDC5-BAB931234670}.Debug|Any CPU.ActiveCfg = Debug|Any CPU
		{5CF9F777-48AB-4B1E-BDC5-BAB931234670}.Debug|Any CPU.Build.0 = Debug|Any CPU
		{5CF9F777-48AB-4B1E-BDC5-BAB931234670}.Release|Any CPU.ActiveCfg = Release|Any CPU
		{5CF9F777-48AB-4B1E-BDC5-BAB931234670}.Release|Any CPU.Build.0 = Release|Any CPU
		{B4BEBFF1-91EE-4B3B-9011-E2A58282EE17}.Debug|Any CPU.ActiveCfg = Debug|Any CPU
		{B4BEBFF1-91EE-4B3B-9011-E2A58282EE17}.Debug|Any CPU.Build.0 = Debug|Any CPU
		{B4BEBFF1-91EE-4B3B-9011-E2A58282EE17}.Release|Any CPU.ActiveCfg = Release|Any CPU
		{B4BEBFF1-91EE-4B3B-9011-E2A58282EE17}.Release|Any CPU.Build.0 = Release|Any CPU
	EndGlobalSection
EndGlobal
